{
    "_readme": [
        "This file locks the dependencies of your project to a known state",
        "Read more about it at http://getcomposer.org/doc/01-basic-usage.md#composer-lock-the-lock-file",
        "This file is @generated automatically"
    ],
    "hash": "2a88f51209bf4a4c655994350176c29e",
    "packages": [
        {
            "name": "dailymotion/sdk",
            "version": "1.6.3",
            "source": {
                "type": "git",
                "url": "https://github.com/dailymotion/dailymotion-sdk-php.git",
                "reference": "ad87686f58fc39848b4158127df9e6308ee68508"
            },
            "dist": {
                "type": "zip",
                "url": "https://api.github.com/repos/dailymotion/dailymotion-sdk-php/zipball/ad87686f58fc39848b4158127df9e6308ee68508",
                "reference": "ad87686f58fc39848b4158127df9e6308ee68508",
                "shasum": ""
            },
            "type": "library",
            "autoload": {
                "classmap": [
                    "Dailymotion.php"
                ]
            },
            "notification-url": "https://packagist.org/downloads/",
            "license": [
                "MIT"
            ],
            "description": "Dailymotion PHP SDK",
            "homepage": "http://dailymotion.com",
            "keywords": [
                "api",
                "dailymotion",
                "sdk"
            ],
            "time": "2015-02-19 12:55:41"
        },
        {
            "name": "google/apiclient",
            "version": "1.1.2",
            "source": {
                "type": "git",
                "url": "https://github.com/google/google-api-php-client.git",
                "reference": "9c35bbbbaf04a5236d763560dab1e2f6e672a724"
            },
            "dist": {
                "type": "zip",
                "url": "https://api.github.com/repos/google/google-api-php-client/zipball/9c35bbbbaf04a5236d763560dab1e2f6e672a724",
                "reference": "9c35bbbbaf04a5236d763560dab1e2f6e672a724",
                "shasum": ""
            },
            "require": {
                "php": ">=5.2.1"
            },
            "require-dev": {
                "phpunit/phpunit": "3.7.*"
            },
            "type": "library",
            "extra": {
                "branch-alias": {
                    "dev-master": "1.1.x-dev"
                }
            },
            "autoload": {
                "classmap": [
                    "src/"
                ]
            },
            "notification-url": "https://packagist.org/downloads/",
            "license": [
                "Apache-2.0"
            ],
            "description": "Client library for Google APIs",
            "homepage": "http://developers.google.com/api-client-library/php",
            "keywords": [
                "google"
            ],
            "time": "2014-11-25 14:35:03"
        },
        {
            "name": "ise/php-soundcloud",
            "version": "3.0.1",
            "source": {
                "type": "git",
                "url": "https://github.com/internalsystemerror/php-soundcloud.git",
                "reference": "ac3ff2dce2a6e6d34636c58e66fd316d722c31df"
            },
            "dist": {
                "type": "zip",
                "url": "https://api.github.com/repos/internalsystemerror/php-soundcloud/zipball/ac3ff2dce2a6e6d34636c58e66fd316d722c31df",
                "reference": "ac3ff2dce2a6e6d34636c58e66fd316d722c31df",
                "shasum": ""
            },
            "require": {
                "php": ">=5.3"
            },
            "type": "library",
            "autoload": {
                "psr-0": {
                    "Soundcloud\\": "src/",
                    "SoundcloudTest\\": "tests/"
                }
            },
            "notification-url": "https://packagist.org/downloads/",
            "license": [
                "MIT"
            ],
            "authors": [
                {
                    "name": "Anton Lindqvist",
                    "email": "anton@qvister.se",
                    "homepage": "http://qvister.se/",
                    "role": "developer"
                },
                {
                    "name": "Gary Lockett",
                    "email": "ise@garylockett.com",
                    "homepage": "http://www.garylockett.com/"
                }
            ],
            "description": "API Wrapper for SoundCloud written in PHP with support for authentication using OAuth 2.0 by Anton Lindqvist (mptre), composer support added by Gary Lockett (ise)",
            "homepage": "https://github.com/internalsystemerror/php-soundcloud",
            "keywords": [
                "soundcloud"
            ],
            "time": "2014-02-03 15:49:00"
        },
        {
            "name": "vimeo/vimeo-api",
            "version": "v1.1.0",
            "source": {
                "type": "git",
                "url": "https://github.com/vimeo/vimeo.php.git",
                "reference": "e1552376ce7bb2e90ea56d127a95ea30b8fe770e"
            },
            "dist": {
                "type": "zip",
                "url": "https://api.github.com/repos/vimeo/vimeo.php/zipball/e1552376ce7bb2e90ea56d127a95ea30b8fe770e",
                "reference": "e1552376ce7bb2e90ea56d127a95ea30b8fe770e",
                "shasum": ""
            },
            "require": {
                "php": ">=5.3.0"
            },
            "type": "library",
            "autoload": {
                "psr-4": {
                    "Vimeo\\": "src/Vimeo"
                }
            },
            "notification-url": "https://packagist.org/downloads/",
            "license": [
                "Apache-2.0"
            ],
            "authors": [
                {
                    "name": "Vimeo",
                    "homepage": "http://vimeo.com"
                }
            ],
            "description": "Official PHP library for the Vimeo API.",
            "homepage": "https://github.com/vimeo/vimeo.php",
            "keywords": [
                "video",
                "vimeo"
            ],
            "time": "2014-10-23 20:06:03"
        }
    ],
    "packages-dev": [],
    "aliases": [],
    "minimum-stability": "dev",
    "stability-flags": {
        "ghaliano/media-gateway": 20
    },
    "prefer-stable": true,
    "prefer-lowest": false,
    "platform": {
        "php": ">=5.3.0"
    },
    "platform-dev": []
}
